{
  "version": "1.0.0",
  "lockfileVersion": 1,
  "requires": true,
  "dependencies": {
    "@tbmp/mp-cloud-sdk": {
      "version": "1.4.2",
      "resolved": "https://registry.npm.taobao.org/@tbmp/mp-cloud-sdk/download/@tbmp/mp-cloud-sdk-1.4.2.tgz",
      "integrity": "sha1-/49BtdDaNJ6H9+f9DDBMPgt/BbQ="
    },
    "mint-filter": {
      "version": "3.0.1",
      "resolved": "https://registry.npm.taobao.org/mint-filter/download/mint-filter-3.0.1.tgz",
      "integrity": "sha1-HoV4XlCnwWxHVn063TOTiJZd4GI="
    }
  }
}
